
Microsoft Visual Studio Solution File, Format Version 12.00
# Visual Studio Version 17
VisualStudioVersion = 17.10.34916.146
MinimumVisualStudioVersion = 10.0.40219.1
Project("{FAE04EC0-301F-11D3-BF4B-00C04F79EFBC}") = "MVCNet", "MVCNet\MVCNet.csproj", "{DEFA2142-5E44-4F18-81F0-4EA1C560A273}"
EndProject
Global
	GlobalSection(SolutionConfigurationPlatforms) = preSolution
		Debug|Any CPU = Debug|Any CPU
		Release|Any CPU = Release|Any CPU
	EndGlobalSection
	GlobalSection(ProjectConfigurationPlatforms) = postSolution
		{DEFA2142-5E44-4F18-81F0-4EA1C560A273}.Debug|Any CPU.ActiveCfg = Debug|Any CPU
		{DEFA2142-5E44-4F18-81F0-4EA1C560A273}.Debug|Any CPU.Build.0 = Debug|Any CPU
		{DEFA2142-5E44-4F18-81F0-4EA1C560A273}.Release|Any CPU.ActiveCfg = Release|Any CPU
		{DEFA2142-5E44-4F18-81F0-4EA1C560A273}.Release|Any CPU.Build.0 = Release|Any CPU
	EndGlobalSection
	GlobalSection(SolutionProperties) = preSolution
		HideSolutionNode = FALSE
	EndGlobalSection
	GlobalSection(ExtensibilityGlobals) = postSolution
		SolutionGuid = {DED708F0-5233-4C40-BEA1-8C549174045C}
	EndGlobalSection
EndGlobal
